{
  "name": "ratatat",
  "version": "1.0.2",
  "lockfileVersion": 1,
  "requires": true,
  "dependencies": {
    "animation-loops": {
      "version": "2.0.4",
      "resolved": "https://registry.npmjs.org/animation-loops/-/animation-loops-2.0.4.tgz",
      "integrity": "sha1-qaDxlFDnAGaGKjfTfIM1SKlmF7M=",
      "requires": {
        "bindpolyfill": "0.0.0",
        "raf": "2.0.1"
      }
    },
    "animation-timer": {
      "version": "1.0.12",
      "resolved": "https://registry.npmjs.org/animation-timer/-/animation-timer-1.0.12.tgz",
      "integrity": "sha1-s9JeY2TmcMdA3XKM6whL8on366w=",
      "requires": {
        "animation-loops": "2.0.4",
        "bindpolyfill": "0.0.0",
        "foreach": "~2.0.4",
        "gm-is": "~1.2.4",
        "gm-parse-duration": "~1.0.6"
      }
    },
    "bindpolyfill": {
      "version": "0.0.0",
      "resolved": "https://registry.npmjs.org/bindpolyfill/-/bindpolyfill-0.0.0.tgz",
      "integrity": "sha1-s5wa5aUBbctYEqwWTpvHaYq5ROM="
    },
    "foreach": {
      "version": "2.0.5",
      "resolved": "https://registry.npmjs.org/foreach/-/foreach-2.0.5.tgz",
      "integrity": "sha1-C+4AUBiusmDQo6865ljdATbsG5k="
    },
    "functional-easing": {
      "version": "1.0.10",
      "resolved": "https://registry.npmjs.org/functional-easing/-/functional-easing-1.0.10.tgz",
      "integrity": "sha1-1PM//zkugoePxwiWjSVkEArnAPA=",
      "requires": {
        "gm-is": "~1.2.2"
      }
    },
    "gm-is": {
      "version": "1.2.4",
      "resolved": "https://registry.npmjs.org/gm-is/-/gm-is-1.2.4.tgz",
      "integrity": "sha1-7B/UqGT/j9bsHp9EQllQ8uBbBGQ=",
      "requires": {
        "foreach": "~2.0.4"
      }
    },
    "gm-parse-duration": {
      "version": "1.0.6",
      "resolved": "https://registry.npmjs.org/gm-parse-duration/-/gm-parse-duration-1.0.6.tgz",
      "integrity": "sha1-GOSDRO6OALugHTZeyUUgs7OO17Y=",
      "requires": {
        "gm-is": "~1.2.2"
      }
    },
    "lottie-web": {
      "version": "5.6.10",
      "resolved": "https://registry.npmjs.org/lottie-web/-/lottie-web-5.6.10.tgz",
      "integrity": "sha512-ucTzaiBJOMm56/K7Wqjajyh7qXlonHKB3+b5fHvhSiz+jOrXt6QDNKAinI3qdw/zvvYHKzXvFMy5SgOXbOJ5ng=="
    },
    "performance-now": {
      "version": "0.1.4",
      "resolved": "https://registry.npmjs.org/performance-now/-/performance-now-0.1.4.tgz",
      "integrity": "sha1-NgtkLwc/+MKmk7PDjXzLwXtTGDs="
    },
    "raf": {
      "version": "2.0.1",
      "resolved": "https://registry.npmjs.org/raf/-/raf-2.0.1.tgz",
      "integrity": "sha1-yAZn9lLhOeAqh9rzn6cITAAohto=",
      "requires": {
        "performance-now": "~0.1.3"
      }
    }
  }
}
