{
  "name": "drumroll",
  "version": "1.0.0",
  "lockfileVersion": 1,
  "requires": true,
  "dependencies": {
    "animation-util": {
      "version": "1.0.11",
      "resolved": "https://registry.npmjs.org/animation-util/-/animation-util-1.0.11.tgz",
      "integrity": "sha512-m9/BXJyPWuD02FvtGSxxh0EzjqGyZ2vxolBLos6ybaQpD8sQLVjmcptbl3cPL7C2fNkU7BPh+TZHK687Mny7/Q==",
      "requires": {
        "object-assign": "^4.1.1"
      }
    },
    "lottie-web": {
      "version": "5.6.10",
      "resolved": "https://registry.npmjs.org/lottie-web/-/lottie-web-5.6.10.tgz",
      "integrity": "sha512-ucTzaiBJOMm56/K7Wqjajyh7qXlonHKB3+b5fHvhSiz+jOrXt6QDNKAinI3qdw/zvvYHKzXvFMy5SgOXbOJ5ng=="
    },
    "object-assign": {
      "version": "4.1.1",
      "resolved": "https://registry.npmjs.org/object-assign/-/object-assign-4.1.1.tgz",
      "integrity": "sha1-IQmtx5ZYh8/AXLvUQsrIv7s2CGM="
    }
  }
}
